
Microsoft Visual Studio Solution File, Format Version 12.00
# Visual Studio Version 16
VisualStudioVersion = 16.0.31112.23
MinimumVisualStudioVersion = 10.0.40219.1
Project("{FAE04EC0-301F-11D3-BF4B-00C04F79EFBC}") = "BinarySearch", "BinarySearch\BinarySearch.csproj", "{1334A076-9EE3-479D-9E9B-4636D99DEDB0}"
EndProject
Project("{FAE04EC0-301F-11D3-BF4B-00C04F79EFBC}") = "SelectionSort", "SelectionSort\SelectionSort.csproj", "{D307B62C-ACA5-4286-98CB-30947C58EDC4}"
EndProject
Project("{FAE04EC0-301F-11D3-BF4B-00C04F79EFBC}") = "BubbleSort", "BubbleSort\BubbleSort.csproj", "{901FFB5B-F19D-4B68-8C1B-AC2AE8A46FC8}"
EndProject
Project("{FAE04EC0-301F-11D3-BF4B-00C04F79EFBC}") = "BubbleSort-differentVersion", "BubbleSort-differentVersion\BubbleSort-differentVersion.csproj", "{DD391162-8719-4098-B0BE-2FE420BC65D2}"
EndProject
Project("{FAE04EC0-301F-11D3-BF4B-00C04F79EFBC}") = "BinarySearchWIthRecursion", "BinarySearchWIthRecursion\BinarySearchWIthRecursion.csproj", "{DD4232F7-6086-4C40-992D-D8856764E165}"
EndProject
Global
	GlobalSection(SolutionConfigurationPlatforms) = preSolution
		Debug|Any CPU = Debug|Any CPU
		Release|Any CPU = Release|Any CPU
	EndGlobalSection
	GlobalSection(ProjectConfigurationPlatforms) = postSolution
		{1334A076-9EE3-479D-9E9B-4636D99DEDB0}.Debug|Any CPU.ActiveCfg = Debug|Any CPU
		{1334A076-9EE3-479D-9E9B-4636D99DEDB0}.Debug|Any CPU.Build.0 = Debug|Any CPU
		{1334A076-9EE3-479D-9E9B-4636D99DEDB0}.Release|Any CPU.ActiveCfg = Release|Any CPU
		{1334A076-9EE3-479D-9E9B-4636D99DEDB0}.Release|Any CPU.Build.0 = Release|Any CPU
		{D307B62C-ACA5-4286-98CB-30947C58EDC4}.Debug|Any CPU.ActiveCfg = Debug|Any CPU
		{D307B62C-ACA5-4286-98CB-30947C58EDC4}.Debug|Any CPU.Build.0 = Debug|Any CPU
		{D307B62C-ACA5-4286-98CB-30947C58EDC4}.Release|Any CPU.ActiveCfg = Release|Any CPU
		{D307B62C-ACA5-4286-98CB-30947C58EDC4}.Release|Any CPU.Build.0 = Release|Any CPU
		{901FFB5B-F19D-4B68-8C1B-AC2AE8A46FC8}.Debug|Any CPU.ActiveCfg = Debug|Any CPU
		{901FFB5B-F19D-4B68-8C1B-AC2AE8A46FC8}.Debug|Any CPU.Build.0 = Debug|Any CPU
		{901FFB5B-F19D-4B68-8C1B-AC2AE8A46FC8}.Release|Any CPU.ActiveCfg = Release|Any CPU
		{901FFB5B-F19D-4B68-8C1B-AC2AE8A46FC8}.Release|Any CPU.Build.0 = Release|Any CPU
		{DD391162-8719-4098-B0BE-2FE420BC65D2}.Debug|Any CPU.ActiveCfg = Debug|Any CPU
		{DD391162-8719-4098-B0BE-2FE420BC65D2}.Debug|Any CPU.Build.0 = Debug|Any CPU
		{DD391162-8719-4098-B0BE-2FE420BC65D2}.Release|Any CPU.ActiveCfg = Release|Any CPU
		{DD391162-8719-4098-B0BE-2FE420BC65D2}.Release|Any CPU.Build.0 = Release|Any CPU
		{DD4232F7-6086-4C40-992D-D8856764E165}.Debug|Any CPU.ActiveCfg = Debug|Any CPU
		{DD4232F7-6086-4C40-992D-D8856764E165}.Debug|Any CPU.Build.0 = Debug|Any CPU
		{DD4232F7-6086-4C40-992D-D8856764E165}.Release|Any CPU.ActiveCfg = Release|Any CPU
		{DD4232F7-6086-4C40-992D-D8856764E165}.Release|Any CPU.Build.0 = Release|Any CPU
	EndGlobalSection
	GlobalSection(SolutionProperties) = preSolution
		HideSolutionNode = FALSE
	EndGlobalSection
	GlobalSection(ExtensibilityGlobals) = postSolution
		SolutionGuid = {932D99E6-B891-454F-9AF6-44D120BBE9B0}
	EndGlobalSection
EndGlobal
