
Microsoft Visual Studio Solution File, Format Version 12.00
# Visual Studio Version 16
VisualStudioVersion = 16.0.30503.244
MinimumVisualStudioVersion = 10.0.40219.1
Project("{9A19103F-16F7-4668-BE54-9A1E7A4F7556}") = "Arrays", "Arrays\Arrays.csproj", "{C5312E91-92FA-4EEF-9579-A711B1D4A4FD}"
EndProject
Project("{9A19103F-16F7-4668-BE54-9A1E7A4F7556}") = "ReverseNums", "ReverseNums\ReverseNums.csproj", "{2C588A9F-DDD9-482C-A9F2-57DAEAC32286}"
EndProject
Project("{9A19103F-16F7-4668-BE54-9A1E7A4F7556}") = "RoundingNums", "RoundingNums\RoundingNums.csproj", "{1C3739AD-7B34-466A-B375-B68874FBDE56}"
EndProject
Project("{9A19103F-16F7-4668-BE54-9A1E7A4F7556}") = "ReverseArray", "ReverseArray\ReverseArray.csproj", "{FA48DC7E-E66E-4B79-9A74-4F3C27E81CF7}"
EndProject
Project("{9A19103F-16F7-4668-BE54-9A1E7A4F7556}") = "Sum", "Sum\Sum.csproj", "{47833436-6DDA-4ED0-A77D-DBB92F0F603A}"
EndProject
Project("{9A19103F-16F7-4668-BE54-9A1E7A4F7556}") = "EvenOddSubtraction", "EvenOddSubtraction\EvenOddSubtraction.csproj", "{4577A138-C792-4381-B42E-45E9F5D91182}"
EndProject
Project("{9A19103F-16F7-4668-BE54-9A1E7A4F7556}") = "EqualArrays", "EqualArrays\EqualArrays.csproj", "{9BFE7E6B-FAE2-4026-9563-9BFC6E0A593D}"
EndProject
Project("{9A19103F-16F7-4668-BE54-9A1E7A4F7556}") = "CondenseArray", "CondenseArray\CondenseArray.csproj", "{04D3D67E-8436-4313-83FB-F91943D16F3A}"
EndProject
Project("{9A19103F-16F7-4668-BE54-9A1E7A4F7556}") = "Train", "Train\Train.csproj", "{CD2F7D19-5269-40E6-82EA-BC8D5C34D25D}"
EndProject
Project("{9A19103F-16F7-4668-BE54-9A1E7A4F7556}") = "Empty", "Empty\Empty.csproj", "{BACC7C0E-CEDE-4C7C-B877-97564FCAD225}"
EndProject
Project("{9A19103F-16F7-4668-BE54-9A1E7A4F7556}") = "CommonElements", "CommonElements\CommonElements.csproj", "{A684CD2E-7BE0-4B34-960C-9F23C18C2847}"
EndProject
Project("{9A19103F-16F7-4668-BE54-9A1E7A4F7556}") = "ZigZagArrays", "ZigZagArrays\ZigZagArrays.csproj", "{95880367-2B6E-49F4-A3D3-81EF28080B73}"
EndProject
Project("{9A19103F-16F7-4668-BE54-9A1E7A4F7556}") = "ArrayRotation", "ArrayRotation\ArrayRotation.csproj", "{43981B00-1DC5-4B87-A457-5C6AA9ECD191}"
EndProject
Project("{9A19103F-16F7-4668-BE54-9A1E7A4F7556}") = "TopIntegers", "TopIntegers\TopIntegers.csproj", "{C7A6ECE3-6C23-4278-8CE7-C4E30856D1AC}"
EndProject
Project("{9A19103F-16F7-4668-BE54-9A1E7A4F7556}") = "EqualSums", "EqualSums\EqualSums.csproj", "{A08BFB51-60F2-4E10-991E-EBF4815AED78}"
EndProject
Project("{9A19103F-16F7-4668-BE54-9A1E7A4F7556}") = "MaxSequence", "MaxSequence\MaxSequence.csproj", "{6CC92A38-F205-4DF1-909B-8E6A01EC3FF2}"
EndProject
Project("{9A19103F-16F7-4668-BE54-9A1E7A4F7556}") = "MagicSum", "MagicSum\MagicSum.csproj", "{2F7D0FB3-90C6-4A29-B160-B3D2D76B5285}"
EndProject
Project("{9A19103F-16F7-4668-BE54-9A1E7A4F7556}") = "KaminoFactory", "KaminoFactory\KaminoFactory.csproj", "{ECEF1F6F-8B6B-4348-9236-ED70752BB426}"
EndProject
Project("{9A19103F-16F7-4668-BE54-9A1E7A4F7556}") = "EncryptSortArray", "EncryptSortArray\EncryptSortArray.csproj", "{DF15F1F1-C4CD-41FC-8906-E4E35AB1FFA8}"
EndProject
Project("{9A19103F-16F7-4668-BE54-9A1E7A4F7556}") = "FoldAndSum", "FoldAndSum\FoldAndSum.csproj", "{B2337C59-2E1C-489D-BA1C-29E41A376222}"
EndProject
Project("{9A19103F-16F7-4668-BE54-9A1E7A4F7556}") = "LadyBugs", "LadyBugs\LadyBugs.csproj", "{1E94ABD7-4D31-4FFD-B14C-24ACF2C54300}"
EndProject
Project("{FAE04EC0-301F-11D3-BF4B-00C04F79EFBC}") = "PascalTriangle", "PascalTriangle\PascalTriangle.csproj", "{081D4B15-F91D-4D43-A867-0F048AEE672E}"
EndProject
Project("{FAE04EC0-301F-11D3-BF4B-00C04F79EFBC}") = "RecursiveFibonacci", "RecursiveFibonacci\RecursiveFibonacci.csproj", "{4144EA5A-CF1B-4915-A3F8-47351564D168}"
EndProject
Project("{FAE04EC0-301F-11D3-BF4B-00C04F79EFBC}") = "LongestIncreasingSubsequence", "LongestIncreasingSubsequence\LongestIncreasingSubsequence.csproj", "{C78A4B79-BD9F-49C3-93AC-802FDF0520A4}"
EndProject
Global
	GlobalSection(SolutionConfigurationPlatforms) = preSolution
		Debug|Any CPU = Debug|Any CPU
		Release|Any CPU = Release|Any CPU
	EndGlobalSection
	GlobalSection(ProjectConfigurationPlatforms) = postSolution
		{C5312E91-92FA-4EEF-9579-A711B1D4A4FD}.Debug|Any CPU.ActiveCfg = Debug|Any CPU
		{C5312E91-92FA-4EEF-9579-A711B1D4A4FD}.Debug|Any CPU.Build.0 = Debug|Any CPU
		{C5312E91-92FA-4EEF-9579-A711B1D4A4FD}.Release|Any CPU.ActiveCfg = Release|Any CPU
		{C5312E91-92FA-4EEF-9579-A711B1D4A4FD}.Release|Any CPU.Build.0 = Release|Any CPU
		{2C588A9F-DDD9-482C-A9F2-57DAEAC32286}.Debug|Any CPU.ActiveCfg = Debug|Any CPU
		{2C588A9F-DDD9-482C-A9F2-57DAEAC32286}.Debug|Any CPU.Build.0 = Debug|Any CPU
		{2C588A9F-DDD9-482C-A9F2-57DAEAC32286}.Release|Any CPU.ActiveCfg = Release|Any CPU
		{2C588A9F-DDD9-482C-A9F2-57DAEAC32286}.Release|Any CPU.Build.0 = Release|Any CPU
		{1C3739AD-7B34-466A-B375-B68874FBDE56}.Debug|Any CPU.ActiveCfg = Debug|Any CPU
		{1C3739AD-7B34-466A-B375-B68874FBDE56}.Debug|Any CPU.Build.0 = Debug|Any CPU
		{1C3739AD-7B34-466A-B375-B68874FBDE56}.Release|Any CPU.ActiveCfg = Release|Any CPU
		{1C3739AD-7B34-466A-B375-B68874FBDE56}.Release|Any CPU.Build.0 = Release|Any CPU
		{FA48DC7E-E66E-4B79-9A74-4F3C27E81CF7}.Debug|Any CPU.ActiveCfg = Debug|Any CPU
		{FA48DC7E-E66E-4B79-9A74-4F3C27E81CF7}.Debug|Any CPU.Build.0 = Debug|Any CPU
		{FA48DC7E-E66E-4B79-9A74-4F3C27E81CF7}.Release|Any CPU.ActiveCfg = Release|Any CPU
		{FA48DC7E-E66E-4B79-9A74-4F3C27E81CF7}.Release|Any CPU.Build.0 = Release|Any CPU
		{47833436-6DDA-4ED0-A77D-DBB92F0F603A}.Debug|Any CPU.ActiveCfg = Debug|Any CPU
		{47833436-6DDA-4ED0-A77D-DBB92F0F603A}.Debug|Any CPU.Build.0 = Debug|Any CPU
		{47833436-6DDA-4ED0-A77D-DBB92F0F603A}.Release|Any CPU.ActiveCfg = Release|Any CPU
		{47833436-6DDA-4ED0-A77D-DBB92F0F603A}.Release|Any CPU.Build.0 = Release|Any CPU
		{4577A138-C792-4381-B42E-45E9F5D91182}.Debug|Any CPU.ActiveCfg = Debug|Any CPU
		{4577A138-C792-4381-B42E-45E9F5D91182}.Debug|Any CPU.Build.0 = Debug|Any CPU
		{4577A138-C792-4381-B42E-45E9F5D91182}.Release|Any CPU.ActiveCfg = Release|Any CPU
		{4577A138-C792-4381-B42E-45E9F5D91182}.Release|Any CPU.Build.0 = Release|Any CPU
		{9BFE7E6B-FAE2-4026-9563-9BFC6E0A593D}.Debug|Any CPU.ActiveCfg = Debug|Any CPU
		{9BFE7E6B-FAE2-4026-9563-9BFC6E0A593D}.Debug|Any CPU.Build.0 = Debug|Any CPU
		{9BFE7E6B-FAE2-4026-9563-9BFC6E0A593D}.Release|Any CPU.ActiveCfg = Release|Any CPU
		{9BFE7E6B-FAE2-4026-9563-9BFC6E0A593D}.Release|Any CPU.Build.0 = Release|Any CPU
		{04D3D67E-8436-4313-83FB-F91943D16F3A}.Debug|Any CPU.ActiveCfg = Debug|Any CPU
		{04D3D67E-8436-4313-83FB-F91943D16F3A}.Debug|Any CPU.Build.0 = Debug|Any CPU
		{04D3D67E-8436-4313-83FB-F91943D16F3A}.Release|Any CPU.ActiveCfg = Release|Any CPU
		{04D3D67E-8436-4313-83FB-F91943D16F3A}.Release|Any CPU.Build.0 = Release|Any CPU
		{CD2F7D19-5269-40E6-82EA-BC8D5C34D25D}.Debug|Any CPU.ActiveCfg = Debug|Any CPU
		{CD2F7D19-5269-40E6-82EA-BC8D5C34D25D}.Debug|Any CPU.Build.0 = Debug|Any CPU
		{CD2F7D19-5269-40E6-82EA-BC8D5C34D25D}.Release|Any CPU.ActiveCfg = Release|Any CPU
		{CD2F7D19-5269-40E6-82EA-BC8D5C34D25D}.Release|Any CPU.Build.0 = Release|Any CPU
		{BACC7C0E-CEDE-4C7C-B877-97564FCAD225}.Debug|Any CPU.ActiveCfg = Debug|Any CPU
		{BACC7C0E-CEDE-4C7C-B877-97564FCAD225}.Debug|Any CPU.Build.0 = Debug|Any CPU
		{BACC7C0E-CEDE-4C7C-B877-97564FCAD225}.Release|Any CPU.ActiveCfg = Release|Any CPU
		{BACC7C0E-CEDE-4C7C-B877-97564FCAD225}.Release|Any CPU.Build.0 = Release|Any CPU
		{A684CD2E-7BE0-4B34-960C-9F23C18C2847}.Debug|Any CPU.ActiveCfg = Debug|Any CPU
		{A684CD2E-7BE0-4B34-960C-9F23C18C2847}.Debug|Any CPU.Build.0 = Debug|Any CPU
		{A684CD2E-7BE0-4B34-960C-9F23C18C2847}.Release|Any CPU.ActiveCfg = Release|Any CPU
		{A684CD2E-7BE0-4B34-960C-9F23C18C2847}.Release|Any CPU.Build.0 = Release|Any CPU
		{95880367-2B6E-49F4-A3D3-81EF28080B73}.Debug|Any CPU.ActiveCfg = Debug|Any CPU
		{95880367-2B6E-49F4-A3D3-81EF28080B73}.Debug|Any CPU.Build.0 = Debug|Any CPU
		{95880367-2B6E-49F4-A3D3-81EF28080B73}.Release|Any CPU.ActiveCfg = Release|Any CPU
		{95880367-2B6E-49F4-A3D3-81EF28080B73}.Release|Any CPU.Build.0 = Release|Any CPU
		{43981B00-1DC5-4B87-A457-5C6AA9ECD191}.Debug|Any CPU.ActiveCfg = Debug|Any CPU
		{43981B00-1DC5-4B87-A457-5C6AA9ECD191}.Debug|Any CPU.Build.0 = Debug|Any CPU
		{43981B00-1DC5-4B87-A457-5C6AA9ECD191}.Release|Any CPU.ActiveCfg = Release|Any CPU
		{43981B00-1DC5-4B87-A457-5C6AA9ECD191}.Release|Any CPU.Build.0 = Release|Any CPU
		{C7A6ECE3-6C23-4278-8CE7-C4E30856D1AC}.Debug|Any CPU.ActiveCfg = Debug|Any CPU
		{C7A6ECE3-6C23-4278-8CE7-C4E30856D1AC}.Debug|Any CPU.Build.0 = Debug|Any CPU
		{C7A6ECE3-6C23-4278-8CE7-C4E30856D1AC}.Release|Any CPU.ActiveCfg = Release|Any CPU
		{C7A6ECE3-6C23-4278-8CE7-C4E30856D1AC}.Release|Any CPU.Build.0 = Release|Any CPU
		{A08BFB51-60F2-4E10-991E-EBF4815AED78}.Debug|Any CPU.ActiveCfg = Debug|Any CPU
		{A08BFB51-60F2-4E10-991E-EBF4815AED78}.Debug|Any CPU.Build.0 = Debug|Any CPU
		{A08BFB51-60F2-4E10-991E-EBF4815AED78}.Release|Any CPU.ActiveCfg = Release|Any CPU
		{A08BFB51-60F2-4E10-991E-EBF4815AED78}.Release|Any CPU.Build.0 = Release|Any CPU
		{6CC92A38-F205-4DF1-909B-8E6A01EC3FF2}.Debug|Any CPU.ActiveCfg = Debug|Any CPU
		{6CC92A38-F205-4DF1-909B-8E6A01EC3FF2}.Debug|Any CPU.Build.0 = Debug|Any CPU
		{6CC92A38-F205-4DF1-909B-8E6A01EC3FF2}.Release|Any CPU.ActiveCfg = Release|Any CPU
		{6CC92A38-F205-4DF1-909B-8E6A01EC3FF2}.Release|Any CPU.Build.0 = Release|Any CPU
		{2F7D0FB3-90C6-4A29-B160-B3D2D76B5285}.Debug|Any CPU.ActiveCfg = Debug|Any CPU
		{2F7D0FB3-90C6-4A29-B160-B3D2D76B5285}.Debug|Any CPU.Build.0 = Debug|Any CPU
		{2F7D0FB3-90C6-4A29-B160-B3D2D76B5285}.Release|Any CPU.ActiveCfg = Release|Any CPU
		{2F7D0FB3-90C6-4A29-B160-B3D2D76B5285}.Release|Any CPU.Build.0 = Release|Any CPU
		{ECEF1F6F-8B6B-4348-9236-ED70752BB426}.Debug|Any CPU.ActiveCfg = Debug|Any CPU
		{ECEF1F6F-8B6B-4348-9236-ED70752BB426}.Debug|Any CPU.Build.0 = Debug|Any CPU
		{ECEF1F6F-8B6B-4348-9236-ED70752BB426}.Release|Any CPU.ActiveCfg = Release|Any CPU
		{ECEF1F6F-8B6B-4348-9236-ED70752BB426}.Release|Any CPU.Build.0 = Release|Any CPU
		{DF15F1F1-C4CD-41FC-8906-E4E35AB1FFA8}.Debug|Any CPU.ActiveCfg = Debug|Any CPU
		{DF15F1F1-C4CD-41FC-8906-E4E35AB1FFA8}.Debug|Any CPU.Build.0 = Debug|Any CPU
		{DF15F1F1-C4CD-41FC-8906-E4E35AB1FFA8}.Release|Any CPU.ActiveCfg = Release|Any CPU
		{DF15F1F1-C4CD-41FC-8906-E4E35AB1FFA8}.Release|Any CPU.Build.0 = Release|Any CPU
		{B2337C59-2E1C-489D-BA1C-29E41A376222}.Debug|Any CPU.ActiveCfg = Debug|Any CPU
		{B2337C59-2E1C-489D-BA1C-29E41A376222}.Debug|Any CPU.Build.0 = Debug|Any CPU
		{B2337C59-2E1C-489D-BA1C-29E41A376222}.Release|Any CPU.ActiveCfg = Release|Any CPU
		{B2337C59-2E1C-489D-BA1C-29E41A376222}.Release|Any CPU.Build.0 = Release|Any CPU
		{1E94ABD7-4D31-4FFD-B14C-24ACF2C54300}.Debug|Any CPU.ActiveCfg = Debug|Any CPU
		{1E94ABD7-4D31-4FFD-B14C-24ACF2C54300}.Debug|Any CPU.Build.0 = Debug|Any CPU
		{1E94ABD7-4D31-4FFD-B14C-24ACF2C54300}.Release|Any CPU.ActiveCfg = Release|Any CPU
		{1E94ABD7-4D31-4FFD-B14C-24ACF2C54300}.Release|Any CPU.Build.0 = Release|Any CPU
		{081D4B15-F91D-4D43-A867-0F048AEE672E}.Debug|Any CPU.ActiveCfg = Debug|Any CPU
		{081D4B15-F91D-4D43-A867-0F048AEE672E}.Debug|Any CPU.Build.0 = Debug|Any CPU
		{081D4B15-F91D-4D43-A867-0F048AEE672E}.Release|Any CPU.ActiveCfg = Release|Any CPU
		{081D4B15-F91D-4D43-A867-0F048AEE672E}.Release|Any CPU.Build.0 = Release|Any CPU
		{4144EA5A-CF1B-4915-A3F8-47351564D168}.Debug|Any CPU.ActiveCfg = Debug|Any CPU
		{4144EA5A-CF1B-4915-A3F8-47351564D168}.Debug|Any CPU.Build.0 = Debug|Any CPU
		{4144EA5A-CF1B-4915-A3F8-47351564D168}.Release|Any CPU.ActiveCfg = Release|Any CPU
		{4144EA5A-CF1B-4915-A3F8-47351564D168}.Release|Any CPU.Build.0 = Release|Any CPU
		{C78A4B79-BD9F-49C3-93AC-802FDF0520A4}.Debug|Any CPU.ActiveCfg = Debug|Any CPU
		{C78A4B79-BD9F-49C3-93AC-802FDF0520A4}.Debug|Any CPU.Build.0 = Debug|Any CPU
		{C78A4B79-BD9F-49C3-93AC-802FDF0520A4}.Release|Any CPU.ActiveCfg = Release|Any CPU
		{C78A4B79-BD9F-49C3-93AC-802FDF0520A4}.Release|Any CPU.Build.0 = Release|Any CPU
	EndGlobalSection
	GlobalSection(SolutionProperties) = preSolution
		HideSolutionNode = FALSE
	EndGlobalSection
	GlobalSection(ExtensibilityGlobals) = postSolution
		SolutionGuid = {A79F2BE9-6713-4DF9-B46F-47EADEFF110A}
	EndGlobalSection
EndGlobal
