
Microsoft Visual Studio Solution File, Format Version 12.00
# Visual Studio Version 16
VisualStudioVersion = 16.0.31112.23
MinimumVisualStudioVersion = 10.0.40219.1
Project("{FAE04EC0-301F-11D3-BF4B-00C04F79EFBC}") = "DFS", "DFS\DFS.csproj", "{BA28F489-0090-4393-B02F-304DE94F7352}"
EndProject
Project("{FAE04EC0-301F-11D3-BF4B-00C04F79EFBC}") = "BFS", "BFS\BFS.csproj", "{AA42E225-6373-4DD7-896B-8B2A8DA5B0C4}"
EndProject
Project("{FAE04EC0-301F-11D3-BF4B-00C04F79EFBC}") = "DFS-iterative", "DFS-iterative\DFS-iterative.csproj", "{5A369169-AB65-42DB-BDD7-715CE94BD203}"
EndProject
Global
	GlobalSection(SolutionConfigurationPlatforms) = preSolution
		Debug|Any CPU = Debug|Any CPU
		Release|Any CPU = Release|Any CPU
	EndGlobalSection
	GlobalSection(ProjectConfigurationPlatforms) = postSolution
		{BA28F489-0090-4393-B02F-304DE94F7352}.Debug|Any CPU.ActiveCfg = Debug|Any CPU
		{BA28F489-0090-4393-B02F-304DE94F7352}.Debug|Any CPU.Build.0 = Debug|Any CPU
		{BA28F489-0090-4393-B02F-304DE94F7352}.Release|Any CPU.ActiveCfg = Release|Any CPU
		{BA28F489-0090-4393-B02F-304DE94F7352}.Release|Any CPU.Build.0 = Release|Any CPU
		{AA42E225-6373-4DD7-896B-8B2A8DA5B0C4}.Debug|Any CPU.ActiveCfg = Debug|Any CPU
		{AA42E225-6373-4DD7-896B-8B2A8DA5B0C4}.Debug|Any CPU.Build.0 = Debug|Any CPU
		{AA42E225-6373-4DD7-896B-8B2A8DA5B0C4}.Release|Any CPU.ActiveCfg = Release|Any CPU
		{AA42E225-6373-4DD7-896B-8B2A8DA5B0C4}.Release|Any CPU.Build.0 = Release|Any CPU
		{5A369169-AB65-42DB-BDD7-715CE94BD203}.Debug|Any CPU.ActiveCfg = Debug|Any CPU
		{5A369169-AB65-42DB-BDD7-715CE94BD203}.Debug|Any CPU.Build.0 = Debug|Any CPU
		{5A369169-AB65-42DB-BDD7-715CE94BD203}.Release|Any CPU.ActiveCfg = Release|Any CPU
		{5A369169-AB65-42DB-BDD7-715CE94BD203}.Release|Any CPU.Build.0 = Release|Any CPU
	EndGlobalSection
	GlobalSection(SolutionProperties) = preSolution
		HideSolutionNode = FALSE
	EndGlobalSection
	GlobalSection(ExtensibilityGlobals) = postSolution
		SolutionGuid = {3CC0933E-BCFD-4279-A1FD-F79F9B8B3448}
	EndGlobalSection
EndGlobal
